# Locked wheel set for CPython 3.11 on Linux aarch64.
ajsonrpc==1.2.0 --hash=sha256:0fa2c1cf8e619d18ffee96043822032d6520eda65d3b712f9540a3a63e9cac25
annotated-types==0.8.0 --hash=sha256:f072f4d804ea359e4eaf198b1af7a8b0943881a87f31bb764f8bf219bb9419e0
anyio==4.15.1 --hash=sha256:6152fdbbf9a77fdec97731721bebf7c4c44f7c29b424b0065826173efc7ed101
base58==2.1.1 --hash=sha256:11a36f4d3ce51dfc1043f3218591ac4eb1ceb172919cebe05b52a5bcc8d245c2
bottle==0.13.4 --hash=sha256:045684fbd2764eac9cdeb824861d1551d113e8b683d8d26e296898d3dd99a12e
certifi==2026.7.22 --hash=sha256:62f22742b58a1a33014a2b6b706588a8d7e2a88ae7bd1a6ebe8c992928483775
cffi==2.1.1 --hash=sha256:3311ed60d36f83378794e1009ac6258bafbf81f7888b4caa7b35a521e3f95813
charset-normalizer==3.5.2 --hash=sha256:d760fe2a4d7c3b226cb9026d6a842868d52a7901bd98420e1baf14e80da85cf5
click==8.3.3 --hash=sha256:a2bf429bb3033c89fa4936ffb35d5cb471e3719e1f3c8a7c3fff0b8314305613
colorama==0.4.6 --hash=sha256:4f1d9991f5acc0ca119f9d443620b77f9d6b33703e51011c16baf57afb285fc6
cryptography==50.0.1 --hash=sha256:e2ca8fd1b6b4b82a1c4cb02841d0837e3c12336c2e24b520ab8ab3b969733d8f
cytoolz==1.1.0 --hash=sha256:c7b44e9de86bea013fe84fd8c399d6016bbb96c37c5290769e5c99460b9c53e5
ecdsa==0.19.2 --hash=sha256:840f5dc5e375c68f36c1a7a5b9caad28f95daa65185c9253c0c08dd952bb7399
eth-hash==0.8.0 --hash=sha256:523718a51b369ab89866b929a5c93c52978cd866ea309192ad980dd8271f9fac
eth-keys==0.8.0 --hash=sha256:a7b94222638cccbdf2b5dae5c365d883a96826d82bb0faeb56baa65375f514ae
eth-typing==6.0.0 --hash=sha256:ee74fb641eb36dd885e1c42c2a3055314efa532b3e71480816df70a94d35cfb9
eth-utils==5.3.1 --hash=sha256:1f5476d8f29588d25b8ae4987e1ffdfae6d4c09026e476c4aad13b32dda3ead0
h11==0.16.0 --hash=sha256:63cf8bbe7522de3bf65932fda1d9c2772064ffb3dae62d55932da54b31cb6c86
idna==3.20 --hash=sha256:ab7ae7122974553370f0bdb919e1a960b2cd1bc1ef0276416d896db81c14582c
marshmallow==3.26.2 --hash=sha256:013fa8a3c4c276c24d26d84ce934dc964e2aa794345a0f8c7e5a7191482c8a73
more-itertools==11.1.0 --hash=sha256:4b65538ae22f6fed0ce4874efd317463a7489796a0939fa66824dd542125a192
packaging==26.3 --hash=sha256:d7193f7c8e4e93f444fde0262bf90af30e16fa0ad0ad44cb553c87339b23cd1c
platformio==6.1.19 --hash=sha256:4f93b00cf2759035d76ebece4840a3274096f7343ee5bba56cbc0bc3ce2eb6f5
py-bip39-bindings==0.3.0 --hash=sha256:29d95a3e8cd39a1ff8260988feda170f142c1f1457f58e94649829dfe108ab59
py-ed25519-zebra-bindings==1.3.0 --hash=sha256:b88c414559d097d861526f5627cf6be06f8f6f05bc8243d78c18d147319e1ea8
py-sr25519-bindings==0.2.4 --hash=sha256:ea591c5d4325bb83940cd684f67f47790d06082666c03505af8613a571b02fb3
pycparser==3.0 --hash=sha256:b727414169a36b7d524c1c3e31839a521725078d7b2ff038656844266160a992
pycryptodome==3.24.0 --hash=sha256:585b8eaffb7acb1db161de9c7579687ea6dae493663392fc4016a0e329526c56
pydantic==2.13.5 --hash=sha256:346a034f080da3755d8e9cb5e00e8b07de1d39e4f6e2c87d8ab7cafa0b269a73
pydantic_core==2.46.5 --hash=sha256:4f8507560a9284e1370bb048ed4282012fbef4e8d109875b95e884d228552061
pyelftools==0.33 --hash=sha256:f215ad5f47d3f1373a21496a6c9e0707c622840d0622f23ff7ce08678b020036
PyNaCl==1.6.2 --hash=sha256:26bfcd00dcf2cf160f122186af731ae30ab120c18e8375684ec2670dccd28130
pyserial==3.5 --hash=sha256:c4451db6ba391ca6ca299fb3ec7bae67a5c55dde170964c7a14ceefec02f2cf0
requests==2.34.2 --hash=sha256:2a0d60c172f83ac6ab31e4554906c0f3b3588d37b5cb939b1c061f4907e278e0
scalecodec==1.2.12 --hash=sha256:b9de1a2d3d98b9e4285804478d8f5f13b3787ebc4d05625eb0054add7feebe45
semantic-version==2.10.0 --hash=sha256:de78a3b8e0feda74cabc54aab2da702113e33ac9d9eb9d2389bcf1f58b7d9177
six==1.17.0 --hash=sha256:4721f391ed90541fddacab5acf947aa0d3dc7d27b2e1e8eda2be8970586c3274
smoldot-light==0.1.0 --hash=sha256:b2f837328482870157f65635b61fdaf4d3641d6e6d15417f37e0a1a253da3aa8
starlette==0.52.1 --hash=sha256:0029d43eb3d273bc4f83a08720b4912ea4b071087a3b48db01b7c839f7954d74
substrate-interface==1.8.1 --hash=sha256:07737b0dc86fb8962ec09c3518577556534f9ffa58ef1164fc70ffe8a5c54837
tabulate==0.10.0 --hash=sha256:f0b0622e567335c8fabaaa659f1b33bcb6ddfe2e496071b743aa113f8774f2d3
toolz==1.2.0 --hash=sha256:890f820b1cb8152785aaf9386d8707770110809035800985ca65cb24ce1120ef
typing_extensions==4.16.0 --hash=sha256:481caa481374e813c1b176ada14e97f1f67a4539ce9cfeb3f350d78d6370c2e8
typing-inspection==0.4.4 --hash=sha256:65b8397ba37ccbce054456aaccddfc91e6e3083c92824df348d96ca832f3f147
urllib3==2.8.0 --hash=sha256:0cf3cae568d36aa9576b28dfb35f11328f1cb974ca7647d9475ebb86c75ac6e3
uvicorn==0.40.0 --hash=sha256:c6c8f55bc8bf13eb6fa9ff87ad62308bbbc33d0b67f84293151efe87e0d5f2ee
websocket-client==1.9.2 --hash=sha256:e1a673830a9c7bfa47b1cd3d5e4178f4c9651d80a4eab02c9c23a1c3ec6250ce
wsproto==1.3.2 --hash=sha256:61eea322cdf56e8cc904bd3ad7573359a242ba65688716b0710a5eb12beab584
xxhash==3.8.1 --hash=sha256:1c332dd48b8cb050da2bb2a3c96d72b1664168650a250ef9718e423df7989e05
